Microsoft Visual Studio Solution File, Format Version 12.00
# Visual Studio Version 16
VisualStudioVersion = 16.0.0.0
MinimumVisualStudioVersion = 16.0.0.0
Project("{9A19103F-16F7-4668-BE54-9A1E7A4F7556}") = "ShoppingCartApp.Server", "Server\ShoppingCartApp.Server.csproj", "{11E668FC-4AF1-4C5F-BA98-3BD887F36467}"
EndProject
Project("{9A19103F-16F7-4668-BE54-9A1E7A4F7556}") = "ShoppingCartApp.Client", "Client\ShoppingCartApp.Client.csproj", "{9BF7D23C-6B8D-4B51-94FD-BBCF72573299}"
EndProject
Project("{9A19103F-16F7-4668-BE54-9A1E7A4F7556}") = "ShoppingCartApp.Shared", "Shared\ShoppingCartApp.Shared.csproj", "{DFBCABEC-2433-4817-A6AD-24C2854792A1}"
EndProject
Global
	GlobalSection(SolutionConfigurationPlatforms) = preSolution
		Debug|Any CPU = Debug|Any CPU
		Debug|x64 = Debug|x64
		Debug|x86 = Debug|x86
		Release|Any CPU = Release|Any CPU
		Release|x64 = Release|x64
		Release|x86 = Release|x86
	EndGlobalSection
	GlobalSection(ProjectConfigurationPlatforms) = postSolution
		{9BF7D23C-6B8D-4B51-94FD-BBCF72573299}.Debug|Any CPU.ActiveCfg = Debug|Any CPU
		{9BF7D23C-6B8D-4B51-94FD-BBCF72573299}.Debug|Any CPU.Build.0 = Debug|Any CPU
		{9BF7D23C-6B8D-4B51-94FD-BBCF72573299}.Debug|x64.ActiveCfg = Debug|Any CPU
		{9BF7D23C-6B8D-4B51-94FD-BBCF72573299}.Debug|x64.Build.0 = Debug|Any CPU
		{9BF7D23C-6B8D-4B51-94FD-BBCF72573299}.Debug|x86.ActiveCfg = Debug|Any CPU
		{9BF7D23C-6B8D-4B51-94FD-BBCF72573299}.Debug|x86.Build.0 = Debug|Any CPU
		{9BF7D23C-6B8D-4B51-94FD-BBCF72573299}.Release|Any CPU.ActiveCfg = Release|Any CPU
		{9BF7D23C-6B8D-4B51-94FD-BBCF72573299}.Release|Any CPU.Build.0 = Release|Any CPU
		{9BF7D23C-6B8D-4B51-94FD-BBCF72573299}.Release|x64.ActiveCfg = Release|Any CPU
		{9BF7D23C-6B8D-4B51-94FD-BBCF72573299}.Release|x64.Build.0 = Release|Any CPU
		{9BF7D23C-6B8D-4B51-94FD-BBCF72573299}.Release|x86.ActiveCfg = Release|Any CPU
		{9BF7D23C-6B8D-4B51-94FD-BBCF72573299}.Release|x86.Build.0 = Release|Any CPU
		{11E668FC-4AF1-4C5F-BA98-3BD887F36467}.Debug|Any CPU.ActiveCfg = Debug|Any CPU
		{11E668FC-4AF1-4C5F-BA98-3BD887F36467}.Debug|Any CPU.Build.0 = Debug|Any CPU
		{11E668FC-4AF1-4C5F-BA98-3BD887F36467}.Debug|x64.ActiveCfg = Debug|Any CPU
		{11E668FC-4AF1-4C5F-BA98-3BD887F36467}.Debug|x64.Build.0 = Debug|Any CPU
		{11E668FC-4AF1-4C5F-BA98-3BD887F36467}.Debug|x86.ActiveCfg = Debug|Any CPU
		{11E668FC-4AF1-4C5F-BA98-3BD887F36467}.Debug|x86.Build.0 = Debug|Any CPU
		{11E668FC-4AF1-4C5F-BA98-3BD887F36467}.Release|Any CPU.ActiveCfg = Release|Any CPU
		{11E668FC-4AF1-4C5F-BA98-3BD887F36467}.Release|Any CPU.Build.0 = Release|Any CPU
		{11E668FC-4AF1-4C5F-BA98-3BD887F36467}.Release|x64.ActiveCfg = Release|Any CPU
		{11E668FC-4AF1-4C5F-BA98-3BD887F36467}.Release|x64.Build.0 = Release|Any CPU
		{11E668FC-4AF1-4C5F-BA98-3BD887F36467}.Release|x86.ActiveCfg = Release|Any CPU
		{11E668FC-4AF1-4C5F-BA98-3BD887F36467}.Release|x86.Build.0 = Release|Any CPU
		{DFBCABEC-2433-4817-A6AD-24C2854792A1}.Debug|Any CPU.ActiveCfg = Debug|Any CPU
		{DFBCABEC-2433-4817-A6AD-24C2854792A1}.Debug|Any CPU.Build.0 = Debug|Any CPU
		{DFBCABEC-2433-4817-A6AD-24C2854792A1}.Debug|x64.ActiveCfg = Debug|Any CPU
		{DFBCABEC-2433-4817-A6AD-24C2854792A1}.Debug|x64.Build.0 = Debug|Any CPU
		{DFBCABEC-2433-4817-A6AD-24C2854792A1}.Debug|x86.ActiveCfg = Debug|Any CPU
		{DFBCABEC-2433-4817-A6AD-24C2854792A1}.Debug|x86.Build.0 = Debug|Any CPU
		{DFBCABEC-2433-4817-A6AD-24C2854792A1}.Release|Any CPU.ActiveCfg = Release|Any CPU
		{DFBCABEC-2433-4817-A6AD-24C2854792A1}.Release|Any CPU.Build.0 = Release|Any CPU
		{DFBCABEC-2433-4817-A6AD-24C2854792A1}.Release|x64.ActiveCfg = Release|Any CPU
		{DFBCABEC-2433-4817-A6AD-24C2854792A1}.Release|x64.Build.0 = Release|Any CPU
		{DFBCABEC-2433-4817-A6AD-24C2854792A1}.Release|x86.ActiveCfg = Release|Any CPU
		{DFBCABEC-2433-4817-A6AD-24C2854792A1}.Release|x86.Build.0 = Release|Any CPU
	EndGlobalSection
	GlobalSection(SolutionProperties) = preSolution
		HideSolutionNode = FALSE
	EndGlobalSection
	GlobalSection(ExtensibilityGlobals) = postSolution
		SolutionGuid = {D631757F-8E4E-4005-AF8C-EB4B12548DC2}
	EndGlobalSection
EndGlobal